
Microsoft Visual Studio Solution File, Format Version 12.00
# Visual Studio Version 16
VisualStudioVersion = 16.0.30621.155
MinimumVisualStudioVersion = 10.0.40219.1
Project("{9A19103F-16F7-4668-BE54-9A1E7A4F7556}") = "Retailshop", "Retailshop\Retailshop.csproj", "{7FE97D98-DDA4-4EEC-B7D9-65B16060B5AD}"
EndProject
Project("{FAE04EC0-301F-11D3-BF4B-00C04F79EFBC}") = "Retailshopcart.Tests", "Retailshopcart.Tests\Retailshopcart.Tests.csproj", "{CA04F277-7386-42F1-A8B5-C3C2D5321562}"
EndProject
Global
	GlobalSection(SolutionConfigurationPlatforms) = preSolution
		Debug|Any CPU = Debug|Any CPU
		Release|Any CPU = Release|Any CPU
	EndGlobalSection
	GlobalSection(ProjectConfigurationPlatforms) = postSolution
		{7FE97D98-DDA4-4EEC-B7D9-65B16060B5AD}.Debug|Any CPU.ActiveCfg = Debug|Any CPU
		{7FE97D98-DDA4-4EEC-B7D9-65B16060B5AD}.Debug|Any CPU.Build.0 = Debug|Any CPU
		{7FE97D98-DDA4-4EEC-B7D9-65B16060B5AD}.Release|Any CPU.ActiveCfg = Release|Any CPU
		{7FE97D98-DDA4-4EEC-B7D9-65B16060B5AD}.Release|Any CPU.Build.0 = Release|Any CPU
		{CA04F277-7386-42F1-A8B5-C3C2D5321562}.Debug|Any CPU.ActiveCfg = Debug|Any CPU
		{CA04F277-7386-42F1-A8B5-C3C2D5321562}.Debug|Any CPU.Build.0 = Debug|Any CPU
		{CA04F277-7386-42F1-A8B5-C3C2D5321562}.Release|Any CPU.ActiveCfg = Release|Any CPU
		{CA04F277-7386-42F1-A8B5-C3C2D5321562}.Release|Any CPU.Build.0 = Release|Any CPU
	EndGlobalSection
	GlobalSection(SolutionProperties) = preSolution
		HideSolutionNode = FALSE
	EndGlobalSection
	GlobalSection(ExtensibilityGlobals) = postSolution
		SolutionGuid = {6CE6CF9E-F606-4746-813F-302B8D61E9B9}
	EndGlobalSection
EndGlobal
